github.com/mercadolibre/golang-restclient v0.0.0-20170701022150-51958130a0a0 h1:EDOjA2IGgjSBlPlnW7CzBUo/o410SMiFh670jP29Kc4=
github.com/mercadolibre/golang-restclient v0.0.0-20170701022150-51958130a0a0/go.mod h1:Z7qYja4aGk/RWl1yJtN1LXRvC7Hsbq8SEbqWWDrMqMs=
github.com/rmortale/bookstore_utils-go v1.0.0 h1:x02SoYybe24LVAXsdYEVmGqj3wHWNdzt7IV8L3wyj4I=
github.com/rmortale/bookstore_utils-go v1.0.0/go.mod h1:9zrwvNgwN932svCbap99a+cVFf34AT1WXpxykOru+HE=
